
Microsoft Visual Studio Solution File, Format Version 12.00
# Visual Studio Version 17
VisualStudioVersion = 17.1.32210.238
MinimumVisualStudioVersion = 10.0.40219.1
Project("{FAE04EC0-301F-11D3-BF4B-00C04F79EFBC}") = "MarkPad", "MarkPad\MarkPad.csproj", "{6B0263D8-6C1D-41C9-8408-5821383AFFD9}"
EndProject
Global
	GlobalSection(SolutionConfigurationPlatforms) = preSolution
		Debug|Any CPU = Debug|Any CPU
		Release|Any CPU = Release|Any CPU
	EndGlobalSection
	GlobalSection(ProjectConfigurationPlatforms) = postSolution
		{6B0263D8-6C1D-41C9-8408-5821383AFFD9}.Debug|Any CPU.ActiveCfg = Debug|Any CPU
		{6B0263D8-6C1D-41C9-8408-5821383AFFD9}.Debug|Any CPU.Build.0 = Debug|Any CPU
		{6B0263D8-6C1D-41C9-8408-5821383AFFD9}.Release|Any CPU.ActiveCfg = Release|Any CPU
		{6B0263D8-6C1D-41C9-8408-5821383AFFD9}.Release|Any CPU.Build.0 = Release|Any CPU
	EndGlobalSection
	GlobalSection(SolutionProperties) = preSolution
		HideSolutionNode = FALSE
	EndGlobalSection
	GlobalSection(ExtensibilityGlobals) = postSolution
		SolutionGuid = {18CD7C13-B759-49B4-A52A-09874C174835}
	EndGlobalSection
EndGlobal
